
Microsoft Visual Studio Solution File, Format Version 12.00
# Visual Studio Version 16
VisualStudioVersion = 16.0.33423.256
MinimumVisualStudioVersion = 10.0.40219.1
Project("{9A19103F-16F7-4668-BE54-9A1E7A4F7556}") = "Auth1", "Auth1.csproj", "{B9AFBE3E-1139-4626-98D6-BAD343FD93B8}"
EndProject
Global
	GlobalSection(SolutionConfigurationPlatforms) = preSolution
		Debug|Any CPU = Debug|Any CPU
		Release|Any CPU = Release|Any CPU
	EndGlobalSection
	GlobalSection(ProjectConfigurationPlatforms) = postSolution
		{B9AFBE3E-1139-4626-98D6-BAD343FD93B8}.Debug|Any CPU.ActiveCfg = Debug|Any CPU
		{B9AFBE3E-1139-4626-98D6-BAD343FD93B8}.Debug|Any CPU.Build.0 = Debug|Any CPU
		{B9AFBE3E-1139-4626-98D6-BAD343FD93B8}.Release|Any CPU.ActiveCfg = Release|Any CPU
		{B9AFBE3E-1139-4626-98D6-BAD343FD93B8}.Release|Any CPU.Build.0 = Release|Any CPU
	EndGlobalSection
	GlobalSection(SolutionProperties) = preSolution
		HideSolutionNode = FALSE
	EndGlobalSection
	GlobalSection(ExtensibilityGlobals) = postSolution
		SolutionGuid = {7D262C0C-1586-4382-AC8A-19FD1CD87B4A}
	EndGlobalSection
EndGlobal
